
Microsoft Visual Studio Solution File, Format Version 12.00
# Visual Studio Version 16
VisualStudioVersion = 16.0.29905.134
MinimumVisualStudioVersion = 10.0.40219.1
Project("{FAE04EC0-301F-11D3-BF4B-00C04F79EFBC}") = "LoggingStopwatch", "LoggingStopwatch.csproj", "{7E4B51B2-19FF-4741-ACAE-3FB6530EB660}"
EndProject
Global
	GlobalSection(SolutionConfigurationPlatforms) = preSolution
		Debug|Any CPU = Debug|Any CPU
		Release|Any CPU = Release|Any CPU
	EndGlobalSection
	GlobalSection(ProjectConfigurationPlatforms) = postSolution
		{7E4B51B2-19FF-4741-ACAE-3FB6530EB660}.Debug|Any CPU.ActiveCfg = Debug|Any CPU
		{7E4B51B2-19FF-4741-ACAE-3FB6530EB660}.Debug|Any CPU.Build.0 = Debug|Any CPU
		{7E4B51B2-19FF-4741-ACAE-3FB6530EB660}.Release|Any CPU.ActiveCfg = Release|Any CPU
		{7E4B51B2-19FF-4741-ACAE-3FB6530EB660}.Release|Any CPU.Build.0 = Release|Any CPU
	EndGlobalSection
	GlobalSection(SolutionProperties) = preSolution
		HideSolutionNode = FALSE
	EndGlobalSection
	GlobalSection(ExtensibilityGlobals) = postSolution
		SolutionGuid = {E6D7C26A-5847-44E5-84C9-DEEAFF83C7FE}
	EndGlobalSection
EndGlobal
